
Microsoft Visual Studio Solution File, Format Version 12.00
# Visual Studio 15
VisualStudioVersion = 15.0.27703.2018
MinimumVisualStudioVersion = 10.0.40219.1
Project("{FAE04EC0-301F-11D3-BF4B-00C04F79EFBC}") = "Constants", "Constants\Constants.csproj", "{15938A63-80EB-44C8-9B0E-A01F1ED77A09}"
EndProject
Global
	GlobalSection(SolutionConfigurationPlatforms) = preSolution
		Debug|Any CPU = Debug|Any CPU
		Release|Any CPU = Release|Any CPU
	EndGlobalSection
	GlobalSection(ProjectConfigurationPlatforms) = postSolution
		{15938A63-80EB-44C8-9B0E-A01F1ED77A09}.Debug|Any CPU.ActiveCfg = Debug|Any CPU
		{15938A63-80EB-44C8-9B0E-A01F1ED77A09}.Debug|Any CPU.Build.0 = Debug|Any CPU
		{15938A63-80EB-44C8-9B0E-A01F1ED77A09}.Release|Any CPU.ActiveCfg = Release|Any CPU
		{15938A63-80EB-44C8-9B0E-A01F1ED77A09}.Release|Any CPU.Build.0 = Release|Any CPU
	EndGlobalSection
	GlobalSection(SolutionProperties) = preSolution
		HideSolutionNode = FALSE
	EndGlobalSection
	GlobalSection(ExtensibilityGlobals) = postSolution
		SolutionGuid = {2F4F1095-8178-4135-B03B-0098C830BD47}
	EndGlobalSection
EndGlobal
